{
  "name": "effect-build-sbom-acceptance",
  "version": "1.2.3",
  "lockfileVersion": 3,
  "requires": true,
  "packages": {
    "": {
      "name": "effect-build-sbom-acceptance",
      "version": "1.2.3",
      "dependencies": {
        "left-pad": "1.3.0"
      }
    },
    "node_modules/left-pad": {
      "version": "1.3.0",
      "resolved": "https://registry.npmjs.org/left-pad/-/left-pad-1.3.0.tgz",
      "integrity": "sha512-XI5MPzVNApjAyhQz2RqJS5WDDgyCCLiCVklspHdHi6cIqeuhUOp4jOUbD88DSMC7XK4KS5fBEUTQNiG8CEag7A=="
    }
  }
}
